
Microsoft Visual Studio Solution File, Format Version 12.00
# Visual Studio Version 16
VisualStudioVersion = 16.0.33027.164
MinimumVisualStudioVersion = 10.0.40219.1
Project("{9A19103F-16F7-4668-BE54-9A1E7A4F7556}") = "TCP_IP_SERVER_TESTER", "TCP_IP_SERVER_TESTER\TCP_IP_SERVER_TESTER.csproj", "{D7B33BAC-79DA-4BC5-BB97-A6A0262F0282}"
EndProject
Project("{FAE04EC0-301F-11D3-BF4B-00C04F79EFBC}") = "Server", "Server\Server.csproj", "{AF7550D5-97A8-474F-AF1E-2DCD18643C88}"
EndProject
Global
	GlobalSection(SolutionConfigurationPlatforms) = preSolution
		Debug|Any CPU = Debug|Any CPU
		Release|Any CPU = Release|Any CPU
	EndGlobalSection
	GlobalSection(ProjectConfigurationPlatforms) = postSolution
		{D7B33BAC-79DA-4BC5-BB97-A6A0262F0282}.Debug|Any CPU.ActiveCfg = Debug|Any CPU
		{D7B33BAC-79DA-4BC5-BB97-A6A0262F0282}.Debug|Any CPU.Build.0 = Debug|Any CPU
		{D7B33BAC-79DA-4BC5-BB97-A6A0262F0282}.Release|Any CPU.ActiveCfg = Release|Any CPU
		{D7B33BAC-79DA-4BC5-BB97-A6A0262F0282}.Release|Any CPU.Build.0 = Release|Any CPU
		{AF7550D5-97A8-474F-AF1E-2DCD18643C88}.Debug|Any CPU.ActiveCfg = Debug|Any CPU
		{AF7550D5-97A8-474F-AF1E-2DCD18643C88}.Debug|Any CPU.Build.0 = Debug|Any CPU
		{AF7550D5-97A8-474F-AF1E-2DCD18643C88}.Release|Any CPU.ActiveCfg = Release|Any CPU
		{AF7550D5-97A8-474F-AF1E-2DCD18643C88}.Release|Any CPU.Build.0 = Release|Any CPU
	EndGlobalSection
	GlobalSection(SolutionProperties) = preSolution
		HideSolutionNode = FALSE
	EndGlobalSection
	GlobalSection(ExtensibilityGlobals) = postSolution
		SolutionGuid = {7ABDE3F1-F551-47C3-A3EC-7EB3C5B528F9}
	EndGlobalSection
EndGlobal
